// !$*UTF8*$!
{
	archiveVersion = 1;
	classes = {
	};
	objectVersion = 50;
	objects = {

/* Begin PBXBuildFile section */
		EB4230A9CEB074BCC826018F /* Pods_KursWalutNBP.framework in Frameworks */ = {isa = PBXBuildFile; fileRef = AEDD385142520512344BB2DB /* Pods_KursWalutNBP.framework */; };
		F9A6D56821344E840021D361 /* AppDelegate.swift in Sources */ = {isa = PBXBuildFile; fileRef = F9A6D56721344E840021D361 /* AppDelegate.swift */; };
		F9A6D56A21344E840021D361 /* ViewController.swift in Sources */ = {isa = PBXBuildFile; fileRef = F9A6D56921344E840021D361 /* ViewController.swift */; };
		F9A6D56D21344E840021D361 /* Main.storyboard in Resources */ = {isa = PBXBuildFile; fileRef = F9A6D56B21344E840021D361 /* Main.storyboard */; };
		F9A6D56F21344E860021D361 /* Assets.xcassets in Resources */ = {isa = PBXBuildFile; fileRef = F9A6D56E21344E860021D361 /* Assets.xcassets */; };
		F9A6D57221344E860021D361 /* LaunchScreen.storyboard in Resources */ = {isa = PBXBuildFile; fileRef = F9A6D57021344E860021D361 /* LaunchScreen.storyboard */; };
/* End PBXBuildFile section */

/* Begin PBXFileReference section */
		1A8711CD40C86EE0208AE2E3 /* Pods-KursWalutNBP.release.xcconfig */ = {isa = PBXFileReference; includeInIndex = 1; lastKnownFileType = text.xcconfig; name = "Pods-KursWalutNBP.release.xcconfig"; path = "Pods/Target Support Files/Pods-KursWalutNBP/Pods-KursWalutNBP.release.xcconfig"; sourceTree = "<group>"; };
		AEDD385142520512344BB2DB /* Pods_KursWalutNBP.framework */ = {isa = PBXFileReference; explicitFileType = wrapper.framework; includeInIndex = 0; path = Pods_KursWalutNBP.framework; sourceTree = BUILT_PRODUCTS_DIR; };
		F7B521B6927C2C16DF57260B /* Pods-KursWalutNBP.debug.xcconfig */ = {isa = PBXFileReference; includeInIndex = 1; lastKnownFileType = text.xcconfig; name = "Pods-KursWalutNBP.debug.xcconfig"; path = "Pods/Target Support Files/Pods-KursWalutNBP/Pods-KursWalutNBP.debug.xcconfig"; sourceTree = "<group>"; };
		F9A6D56421344E840021D361 /* KursWalutNBP.app */ = {isa = PBXFileReference; explicitFileType = wrapper.application; includeInIndex = 0; path = KursWalutNBP.app; sourceTree = BUILT_PRODUCTS_DIR; };
		F9A6D56721344E840021D361 /* AppDelegate.swift */ = {isa = PBXFileReference; lastKnownFileType = sourcecode.swift; path = AppDelegate.swift; sourceTree = "<group>"; };
		F9A6D56921344E840021D361 /* ViewController.swift */ = {isa = PBXFileReference; lastKnownFileType = sourcecode.swift; path = ViewController.swift; sourceTree = "<group>"; };
		F9A6D56C21344E840021D361 /* Base */ = {isa = PBXFileReference; lastKnownFileType = file.storyboard; name = Base; path = Base.lproj/Main.storyboard; sourceTree = "<group>"; };
		F9A6D56E21344E860021D361 /* Assets.xcassets */ = {isa = PBXFileReference; lastKnownFileType = folder.assetcatalog; path = Assets.xcassets; sourceTree = "<group>"; };
		F9A6D57121344E860021D361 /* Base */ = {isa = PBXFileReference; lastKnownFileType = file.storyboard; name = Base; path = Base.lproj/LaunchScreen.storyboard; sourceTree = "<group>"; };
		F9A6D57321344E860021D361 /* Info.plist */ = {isa = PBXFileReference; lastKnownFileType = text.plist.xml; path = Info.plist; sourceTree = "<group>"; };
/* End PBXFileReference section */

/* Begin PBXFrameworksBuildPhase section */
		F9A6D56121344E840021D361 /* Frameworks */ = {
			isa = PBXFrameworksBuildPhase;
			buildActionMask = 2147483647;
			files = (
				EB4230A9CEB074BCC826018F /* Pods_KursWalutNBP.framework in Frameworks */,
			);
			runOnlyForDeploymentPostprocessing = 0;
		};
/* End PBXFrameworksBuildPhase section */

/* Begin PBXGroup section */
		2266BCFAEC8CC142019A3AB4 /* Pods */ = {
			isa = PBXGroup;
			children = (
				F7B521B6927C2C16DF57260B /* Pods-KursWalutNBP.debug.xcconfig */,
				1A8711CD40C86EE0208AE2E3 /* Pods-KursWalutNBP.release.xcconfig */,
			);
			name = Pods;
			sourceTree = "<group>";
		};
		DC52C5C03BEA12055151C8EF /* Frameworks */ = {
			isa = PBXGroup;
			children = (
				AEDD385142520512344BB2DB /* Pods_KursWalutNBP.framework */,
			);
			name = Frameworks;
			sourceTree = "<group>";
		};
		F9A6D55B21344E840021D361 = {
			isa = PBXGroup;
			children = (
				F9A6D56621344E840021D361 /* KursWalutNBP */,
				F9A6D56521344E840021D361 /* Products */,
				2266BCFAEC8CC142019A3AB4 /* Pods */,
				DC52C5C03BEA12055151C8EF /* Frameworks */,
			);
			sourceTree = "<group>";
		};
		F9A6D56521344E840021D361 /* Products */ = {
			isa = PBXGroup;
			children = (
				F9A6D56421344E840021D361 /* KursWalutNBP.app */,
			);
			name = Products;
			sourceTree = "<group>";
		};
		F9A6D56621344E840021D361 /* KursWalutNBP */ = {
			isa = PBXGroup;
			children = (
				F9A6D56721344E840021D361 /* AppDelegate.swift */,
				F9A6D56921344E840021D361 /* ViewController.swift */,
				F9A6D56B21344E840021D361 /* Main.storyboard */,
				F9A6D56E21344E860021D361 /* Assets.xcassets */,
				F9A6D57021344E860021D361 /* LaunchScreen.storyboard */,
				F9A6D57321344E860021D361 /* Info.plist */,
			);
			path = KursWalutNBP;
			sourceTree = "<group>";
		};
/* End PBXGroup section */

/* Begin PBXNativeTarget section */
		F9A6D56321344E840021D361 /* KursWalutNBP */ = {
			isa = PBXNativeTarget;
			buildConfigurationList = F9A6D57621344E860021D361 /* Build configuration list for PBXNativeTarget "KursWalutNBP" */;
			buildPhases = (
				9D58448997D1B186B8F9BB7E /* [CP] Check Pods Manifest.lock */,
				F9A6D56021344E840021D361 /* Sources */,
				F9A6D56121344E840021D361 /* Frameworks */,
				F9A6D56221344E840021D361 /* Resources */,
				B3FCFA756D0203AD81681D86 /* [CP] Embed Pods Frameworks */,
			);
			buildRules = (
			);
			dependencies = (
			);
			name = KursWalutNBP;
			productName = KursWalutNBP;
			productReference = F9A6D56421344E840021D361 /* KursWalutNBP.app */;
			productType = "com.apple.product-type.application";
		};
/* End PBXNativeTarget section */

/* Begin PBXProject section */
		F9A6D55C21344E840021D361 /* Project object */ = {
			isa = PBXProject;
			attributes = {
				LastSwiftUpdateCheck = 0940;
				LastUpgradeCheck = 0940;
				ORGANIZATIONNAME = npisze;
				TargetAttributes = {
					F9A6D56321344E840021D361 = {
						CreatedOnToolsVersion = 9.4.1;
					};
				};
			};
			buildConfigurationList = F9A6D55F21344E840021D361 /* Build configuration list for PBXProject "KursWalutNBP" */;
			compatibilityVersion = "Xcode 9.3";
			developmentRegion = en;
			hasScannedForEncodings = 0;
			knownRegions = (
				en,
				Base,
			);
			mainGroup = F9A6D55B21344E840021D361;
			productRefGroup = F9A6D56521344E840021D361 /* Products */;
			projectDirPath = "";
			projectRoot = "";
			targets = (
				F9A6D56321344E840021D361 /* KursWalutNBP */,
			);
		};
/* End PBXProject section */

/* Begin PBXResourcesBuildPhase section */
		F9A6D56221344E840021D361 /* Resources */ = {
			isa = PBXResourcesBuildPhase;
			buildActionMask = 2147483647;
			files = (
				F9A6D57221344E860021D361 /* LaunchScreen.storyboard in Resources */,
				F9A6D56F21344E860021D361 /* Assets.xcassets in Resources */,
				F9A6D56D21344E840021D361 /* Main.storyboard in Resources */,
			);
			runOnlyForDeploymentPostprocessing = 0;
		};
/* End PBXResourcesBuildPhase section */

/* Begin PBXShellScriptBuildPhase section */
		9D58448997D1B186B8F9BB7E /* [CP] Check Pods Manifest.lock */ = {
			isa = PBXShellScriptBuildPhase;
			buildActionMask = 2147483647;
			files = (
			);
			inputPaths = (
				"${PODS_PODFILE_DIR_PATH}/Podfile.lock",
				"${PODS_ROOT}/Manifest.lock",
			);
			name = "[CP] Check Pods Manifest.lock";
			outputPaths = (
				"$(DERIVED_FILE_DIR)/Pods-KursWalutNBP-checkManifestLockResult.txt",
			);
			runOnlyForDeploymentPostprocessing = 0;
			shellPath = /bin/sh;
			shellScript = "diff \"${PODS_PODFILE_DIR_PATH}/Podfile.lock\" \"${PODS_ROOT}/Manifest.lock\" > /dev/null\nif [ $? != 0 ] ; then\n    # print error to STDERR\n    echo \"error: The sandbox is not in sync with the Podfile.lock. Run 'pod install' or update your CocoaPods installation.\" >&2\n    exit 1\nfi\n# This output is used by Xcode 'outputs' to avoid re-running this script phase.\necho \"SUCCESS\" > \"${SCRIPT_OUTPUT_FILE_0}\"\n";
			showEnvVarsInLog = 0;
		};
		B3FCFA756D0203AD81681D86 /* [CP] Embed Pods Frameworks */ = {
			isa = PBXShellScriptBuildPhase;
			buildActionMask = 2147483647;
			files = (
			);
			inputPaths = (
				"${SRCROOT}/Pods/Target Support Files/Pods-KursWalutNBP/Pods-KursWalutNBP-frameworks.sh",
				"${BUILT_PRODUCTS_DIR}/SnapKit/SnapKit.framework",
			);
			name = "[CP] Embed Pods Frameworks";
			outputPaths = (
				"${TARGET_BUILD_DIR}/${FRAMEWORKS_FOLDER_PATH}/SnapKit.framework",
			);
			runOnlyForDeploymentPostprocessing = 0;
			shellPath = /bin/sh;
			shellScript = "\"${SRCROOT}/Pods/Target Support Files/Pods-KursWalutNBP/Pods-KursWalutNBP-frameworks.sh\"\n";
			showEnvVarsInLog = 0;
		};
/* End PBXShellScriptBuildPhase section */

/* Begin PBXSourcesBuildPhase section */
		F9A6D56021344E840021D361 /* Sources */ = {
			isa = PBXSourcesBuildPhase;
			buildActionMask = 2147483647;
			files = (
				F9A6D56A21344E840021D361 /* ViewController.swift in Sources */,
				F9A6D56821344E840021D361 /* AppDelegate.swift in Sources */,
			);
			runOnlyForDeploymentPostprocessing = 0;
		};
/* End PBXSourcesBuildPhase section */

/* Begin PBXVariantGroup section */
		F9A6D56B21344E840021D361 /* Main.storyboard */ = {
			isa = PBXVariantGroup;
			children = (
				F9A6D56C21344E840021D361 /* Base */,
			);
			name = Main.storyboard;
			sourceTree = "<group>";
		};
		F9A6D57021344E860021D361 /* LaunchScreen.storyboard */ = {
			isa = PBXVariantGroup;
			children = (
				F9A6D57121344E860021D361 /* Base */,
			);
			name = LaunchScreen.storyboard;
			sourceTree = "<group>";
		};
/* End PBXVariantGroup section */

/* Begin XCBuildConfiguration section */
		F9A6D57421344E860021D361 /* Debug */ = {
			isa = XCBuildConfiguration;
			buildSettings = {
				ALWAYS_SEARCH_USER_PATHS = NO;
				CLANG_ANALYZER_NONNULL = YES;
				CLANG_ANALYZER_NUMBER_OBJECT_CONVERSION = YES_AGGRESSIVE;
				CLANG_CXX_LANGUAGE_STANDARD = "gnu++14";
				CLANG_CXX_LIBRARY = "libc++";
				CLANG_ENABLE_MODULES = YES;
				CLANG_ENABLE_OBJC_ARC = YES;
				CLANG_ENABLE_OBJC_WEAK = YES;
				CLANG_WARN_BLOCK_CAPTURE_AUTORELEASING = YES;
				CLANG_WARN_BOOL_CONVERSION = YES;
				CLANG_WARN_COMMA = YES;
				CLANG_WARN_CONSTANT_CONVERSION = YES;
				CLANG_WARN_DEPRECATED_OBJC_IMPLEMENTATIONS = YES;
				CLANG_WARN_DIRECT_OBJC_ISA_USAGE = YES_ERROR;
				CLANG_WARN_DOCUMENTATION_COMMENTS = YES;
				CLANG_WARN_EMPTY_BODY = YES;
				CLANG_WARN_ENUM_CONVERSION = YES;
				CLANG_WARN_INFINITE_RECURSION = YES;
				CLANG_WARN_INT_CONVERSION = YES;
				CLANG_WARN_NON_LITERAL_NULL_CONVERSION = YES;
				CLANG_WARN_OBJC_IMPLICIT_RETAIN_SELF = YES;
				CLANG_WARN_OBJC_LITERAL_CONVERSION = YES;
				CLANG_WARN_OBJC_ROOT_CLASS = YES_ERROR;
				CLANG_WARN_RANGE_LOOP_ANALYSIS = YES;
				CLANG_WARN_STRICT_PROTOTYPES = YES;
				CLANG_WARN_SUSPICIOUS_MOVE = YES;
				CLANG_WARN_UNGUARDED_AVAILABILITY = YES_AGGRESSIVE;
				CLANG_WARN_UNREACHABLE_CODE = YES;
				CLANG_WARN__DUPLICATE_METHOD_MATCH = YES;
				CODE_SIGN_IDENTITY = "iPhone Developer";
				COPY_PHASE_STRIP = NO;
				DEBUG_INFORMATION_FORMAT = dwarf;
				ENABLE_STRICT_OBJC_MSGSEND = YES;
				ENABLE_TESTABILITY = YES;
				GCC_C_LANGUAGE_STANDARD = gnu11;
				GCC_DYNAMIC_NO_PIC = NO;
				GCC_NO_COMMON_BLOCKS = YES;
				GCC_OPTIMIZATION_LEVEL = 0;
				GCC_PREPROCESSOR_DEFINITIONS = (
					"DEBUG=1",
					"$(inherited)",
				);
				GCC_WARN_64_TO_32_BIT_CONVERSION = YES;
				GCC_WARN_ABOUT_RETURN_TYPE = YES_ERROR;
				GCC_WARN_UNDECLARED_SELECTOR = YES;
				GCC_WARN_UNINITIALIZED_AUTOS = YES_AGGRESSIVE;
				GCC_WARN_UNUSED_FUNCTION = YES;
				GCC_WARN_UNUSED_VARIABLE = YES;
				IPHONEOS_DEPLOYMENT_TARGET = 11.4;
				MTL_ENABLE_DEBUG_INFO = YES;
				ONLY_ACTIVE_ARCH = YES;
				SDKROOT = iphoneos;
				SWIFT_ACTIVE_COMPILATION_CONDITIONS = DEBUG;
				SWIFT_OPTIMIZATION_LEVEL = "-Onone";
			};
			name = Debug;
		};
		F9A6D57521344E860021D361 /* Release */ = {
			isa = XCBuildConfiguration;
			buildSettings = {
				ALWAYS_SEARCH_USER_PATHS = NO;
				CLANG_ANALYZER_NONNULL = YES;
				CLANG_ANALYZER_NUMBER_OBJECT_CONVERSION = YES_AGGRESSIVE;
				CLANG_CXX_LANGUAGE_STANDARD = "gnu++14";
				CLANG_CXX_LIBRARY = "libc++";
				CLANG_ENABLE_MODULES = YES;
				CLANG_ENABLE_OBJC_ARC = YES;
				CLANG_ENABLE_OBJC_WEAK = YES;
				CLANG_WARN_BLOCK_CAPTURE_AUTORELEASING = YES;
				CLANG_WARN_BOOL_CONVERSION = YES;
				CLANG_WARN_COMMA = YES;
				CLANG_WARN_CONSTANT_CONVERSION = YES;
				CLANG_WARN_DEPRECATED_OBJC_IMPLEMENTATIONS = YES;
				CLANG_WARN_DIRECT_OBJC_ISA_USAGE = YES_ERROR;
				CLANG_WARN_DOCUMENTATION_COMMENTS = YES;
				CLANG_WARN_EMPTY_BODY = YES;
				CLANG_WARN_ENUM_CONVERSION = YES;
				CLANG_WARN_INFINITE_RECURSION = YES;
				CLANG_WARN_INT_CONVERSION = YES;
				CLANG_WARN_NON_LITERAL_NULL_CONVERSION = YES;
				CLANG_WARN_OBJC_IMPLICIT_RETAIN_SELF = YES;
				CLANG_WARN_OBJC_LITERAL_CONVERSION = YES;
				CLANG_WARN_OBJC_ROOT_CLASS = YES_ERROR;
				CLANG_WARN_RANGE_LOOP_ANALYSIS = YES;
				CLANG_WARN_STRICT_PROTOTYPES = YES;
				CLANG_WARN_SUSPICIOUS_MOVE = YES;
				CLANG_WARN_UNGUARDED_AVAILABILITY = YES_AGGRESSIVE;
				CLANG_WARN_UNREACHABLE_CODE = YES;
				CLANG_WARN__DUPLICATE_METHOD_MATCH = YES;
				CODE_SIGN_IDENTITY = "iPhone Developer";
				COPY_PHASE_STRIP = NO;
				DEBUG_INFORMATION_FORMAT = "dwarf-with-dsym";
				ENABLE_NS_ASSERTIONS = NO;
				ENABLE_STRICT_OBJC_MSGSEND = YES;
				GCC_C_LANGUAGE_STANDARD = gnu11;
				GCC_NO_COMMON_BLOCKS = YES;
				GCC_WARN_64_TO_32_BIT_CONVERSION = YES;
				GCC_WARN_ABOUT_RETURN_TYPE = YES_ERROR;
				GCC_WARN_UNDECLARED_SELECTOR = YES;
				GCC_WARN_UNINITIALIZED_AUTOS = YES_AGGRESSIVE;
				GCC_WARN_UNUSED_FUNCTION = YES;
				GCC_WARN_UNUSED_VARIABLE = YES;
				IPHONEOS_DEPLOYMENT_TARGET = 11.4;
				MTL_ENABLE_DEBUG_INFO = NO;
				SDKROOT = iphoneos;
				SWIFT_COMPILATION_MODE = wholemodule;
				SWIFT_OPTIMIZATION_LEVEL = "-O";
				VALIDATE_PRODUCT = YES;
			};
			name = Release;
		};
		F9A6D57721344E860021D361 /* Debug */ = {
			isa = XCBuildConfiguration;
			baseConfigurationReference = F7B521B6927C2C16DF57260B /* Pods-KursWalutNBP.debug.xcconfig */;
			buildSettings = {
				ASSETCATALOG_COMPILER_APPICON_NAME = AppIcon;
				CODE_SIGN_STYLE = Automatic;
				DEVELOPMENT_TEAM = T2BNX4295Q;
				INFOPLIST_FILE = KursWalutNBP/Info.plist;
				LD_RUNPATH_SEARCH_PATHS = "$(inherited) @executable_path/Frameworks";
				PRODUCT_BUNDLE_IDENTIFIER = npisze.KursWalutNBP;
				PRODUCT_NAME = "$(TARGET_NAME)";
				SWIFT_VERSION = 4.0;
				TARGETED_DEVICE_FAMILY = "1,2";
			};
			name = Debug;
		};
		F9A6D57821344E860021D361 /* Release */ = {
			isa = XCBuildConfiguration;
			baseConfigurationReference = 1A8711CD40C86EE0208AE2E3 /* Pods-KursWalutNBP.release.xcconfig */;
			buildSettings = {
				ASSETCATALOG_COMPILER_APPICON_NAME = AppIcon;
				CODE_SIGN_STYLE = Automatic;
				DEVELOPMENT_TEAM = T2BNX4295Q;
				INFOPLIST_FILE = KursWalutNBP/Info.plist;
				LD_RUNPATH_SEARCH_PATHS = "$(inherited) @executable_path/Frameworks";
				PRODUCT_BUNDLE_IDENTIFIER = npisze.KursWalutNBP;
				PRODUCT_NAME = "$(TARGET_NAME)";
				SWIFT_VERSION = 4.0;
				TARGETED_DEVICE_FAMILY = "1,2";
			};
			name = Release;
		};
/* End XCBuildConfiguration section */

/* Begin XCConfigurationList section */
		F9A6D55F21344E840021D361 /* Build configuration list for PBXProject "KursWalutNBP" */ = {
			isa = XCConfigurationList;
			buildConfigurations = (
				F9A6D57421344E860021D361 /* Debug */,
				F9A6D57521344E860021D361 /* Release */,
			);
			defaultConfigurationIsVisible = 0;
			defaultConfigurationName = Release;
		};
		F9A6D57621344E860021D361 /* Build configuration list for PBXNativeTarget "KursWalutNBP" */ = {
			isa = XCConfigurationList;
			buildConfigurations = (
				F9A6D57721344E860021D361 /* Debug */,
				F9A6D57821344E860021D361 /* Release */,
			);
			defaultConfigurationIsVisible = 0;
			defaultConfigurationName = Release;
		};
/* End XCConfigurationList section */
	};
	rootObject = F9A6D55C21344E840021D361 /* Project object */;
}
