// !$*UTF8*$!
{
	archiveVersion = 1;
	classes = {
	};
	objectVersion = 50;
	objects = {

/* Begin PBXBuildFile section */
		EB4230A9CEB074BCC826018F /* Pods_KursWalutNBP.framework in Frameworks */ = {isa = PBXBuildFile; fileRef = AEDD385142520512344BB2DB /* Pods_KursWalutNBP.framework */; };
		F99C9DE9213B14FF0027CF87 /* urlStrings.plist in Resources */ = {isa = PBXBuildFile; fileRef = F99C9DE8213B14FF0027CF87 /* urlStrings.plist */; };
		F99C9DEB213BD2840027CF87 /* CurrencyTableViewCell.swift in Sources */ = {isa = PBXBuildFile; fileRef = F99C9DEA213BD2840027CF87 /* CurrencyTableViewCell.swift */; };
		F99C9DEE213BD40A0027CF87 /* GoldView.swift in Sources */ = {isa = PBXBuildFile; fileRef = F99C9DED213BD40A0027CF87 /* GoldView.swift */; };
		F9A66F4C213F037A00881B54 /* Service.swift in Sources */ = {isa = PBXBuildFile; fileRef = F9A66F4B213F037A00881B54 /* Service.swift */; };
		F9A66F572141998900881B54 /* HttpErrorEnum.swift in Sources */ = {isa = PBXBuildFile; fileRef = F9A66F562141998900881B54 /* HttpErrorEnum.swift */; };
		F9A66F6D2144140800881B54 /* APIProvider.swift in Sources */ = {isa = PBXBuildFile; fileRef = F9A66F6C2144140800881B54 /* APIProvider.swift */; };
		F9A66F6F214417B800881B54 /* CurrenciesViewController.swift in Sources */ = {isa = PBXBuildFile; fileRef = F9A66F6E214417B800881B54 /* CurrenciesViewController.swift */; };
		F9A66F722144392000881B54 /* CollectionExtension.swift in Sources */ = {isa = PBXBuildFile; fileRef = F9A66F712144392000881B54 /* CollectionExtension.swift */; };
		F9A66F742145150900881B54 /* InfoLabelsView.swift in Sources */ = {isa = PBXBuildFile; fileRef = F9A66F732145150900881B54 /* InfoLabelsView.swift */; };
		F9A66F792146CFA100881B54 /* BaseView.swift in Sources */ = {isa = PBXBuildFile; fileRef = F9A66F782146CFA100881B54 /* BaseView.swift */; };
		F9A66F7D2149057700881B54 /* MainNavigationController.swift in Sources */ = {isa = PBXBuildFile; fileRef = F9A66F7C2149057700881B54 /* MainNavigationController.swift */; };
		F9A66F7F2149376D00881B54 /* StringExtension.swift in Sources */ = {isa = PBXBuildFile; fileRef = F9A66F7E2149376D00881B54 /* StringExtension.swift */; };
		F9A6D56821344E840021D361 /* AppDelegate.swift in Sources */ = {isa = PBXBuildFile; fileRef = F9A6D56721344E840021D361 /* AppDelegate.swift */; };
		F9A6D56F21344E860021D361 /* Assets.xcassets in Resources */ = {isa = PBXBuildFile; fileRef = F9A6D56E21344E860021D361 /* Assets.xcassets */; };
		F9A6D57221344E860021D361 /* LaunchScreen.storyboard in Resources */ = {isa = PBXBuildFile; fileRef = F9A6D57021344E860021D361 /* LaunchScreen.storyboard */; };
		F9A6D57A2134509C0021D361 /* MainTabBarViewController.swift in Sources */ = {isa = PBXBuildFile; fileRef = F9A6D5792134509C0021D361 /* MainTabBarViewController.swift */; };
		F9A6D57E213455E70021D361 /* GoldViewController.swift in Sources */ = {isa = PBXBuildFile; fileRef = F9A6D57D213455E70021D361 /* GoldViewController.swift */; };
		F9A6D58421352DDA0021D361 /* GoldRate.swift in Sources */ = {isa = PBXBuildFile; fileRef = F9A6D58321352DDA0021D361 /* GoldRate.swift */; };
		F9A6D58621352DF10021D361 /* Currencies.swift in Sources */ = {isa = PBXBuildFile; fileRef = F9A6D58521352DF10021D361 /* Currencies.swift */; };
		F9A6D58821352EF60021D361 /* Rate.swift in Sources */ = {isa = PBXBuildFile; fileRef = F9A6D58721352EF60021D361 /* Rate.swift */; };
		F9D06322213E9AE900C832E8 /* DoubleExtension.swift in Sources */ = {isa = PBXBuildFile; fileRef = F9D06321213E9AE900C832E8 /* DoubleExtension.swift */; };
/* End PBXBuildFile section */

/* Begin PBXFileReference section */
		1A8711CD40C86EE0208AE2E3 /* Pods-KursWalutNBP.release.xcconfig */ = {isa = PBXFileReference; includeInIndex = 1; lastKnownFileType = text.xcconfig; name = "Pods-KursWalutNBP.release.xcconfig"; path = "Pods/Target Support Files/Pods-KursWalutNBP/Pods-KursWalutNBP.release.xcconfig"; sourceTree = "<group>"; };
		AEDD385142520512344BB2DB /* Pods_KursWalutNBP.framework */ = {isa = PBXFileReference; explicitFileType = wrapper.framework; includeInIndex = 0; path = Pods_KursWalutNBP.framework; sourceTree = BUILT_PRODUCTS_DIR; };
		F7B521B6927C2C16DF57260B /* Pods-KursWalutNBP.debug.xcconfig */ = {isa = PBXFileReference; includeInIndex = 1; lastKnownFileType = text.xcconfig; name = "Pods-KursWalutNBP.debug.xcconfig"; path = "Pods/Target Support Files/Pods-KursWalutNBP/Pods-KursWalutNBP.debug.xcconfig"; sourceTree = "<group>"; };
		F99C9DE8213B14FF0027CF87 /* urlStrings.plist */ = {isa = PBXFileReference; lastKnownFileType = text.plist.xml; path = urlStrings.plist; sourceTree = "<group>"; };
		F99C9DEA213BD2840027CF87 /* CurrencyTableViewCell.swift */ = {isa = PBXFileReference; lastKnownFileType = sourcecode.swift; path = CurrencyTableViewCell.swift; sourceTree = "<group>"; };
		F99C9DED213BD40A0027CF87 /* GoldView.swift */ = {isa = PBXFileReference; lastKnownFileType = sourcecode.swift; path = GoldView.swift; sourceTree = "<group>"; };
		F9A66F4B213F037A00881B54 /* Service.swift */ = {isa = PBXFileReference; lastKnownFileType = sourcecode.swift; path = Service.swift; sourceTree = "<group>"; };
		F9A66F562141998900881B54 /* HttpErrorEnum.swift */ = {isa = PBXFileReference; lastKnownFileType = sourcecode.swift; path = HttpErrorEnum.swift; sourceTree = "<group>"; };
		F9A66F6C2144140800881B54 /* APIProvider.swift */ = {isa = PBXFileReference; lastKnownFileType = sourcecode.swift; path = APIProvider.swift; sourceTree = "<group>"; };
		F9A66F6E214417B800881B54 /* CurrenciesViewController.swift */ = {isa = PBXFileReference; lastKnownFileType = sourcecode.swift; path = CurrenciesViewController.swift; sourceTree = "<group>"; };
		F9A66F712144392000881B54 /* CollectionExtension.swift */ = {isa = PBXFileReference; lastKnownFileType = sourcecode.swift; path = CollectionExtension.swift; sourceTree = "<group>"; };
		F9A66F732145150900881B54 /* InfoLabelsView.swift */ = {isa = PBXFileReference; lastKnownFileType = sourcecode.swift; path = InfoLabelsView.swift; sourceTree = "<group>"; };
		F9A66F782146CFA100881B54 /* BaseView.swift */ = {isa = PBXFileReference; lastKnownFileType = sourcecode.swift; path = BaseView.swift; sourceTree = "<group>"; };
		F9A66F7C2149057700881B54 /* MainNavigationController.swift */ = {isa = PBXFileReference; lastKnownFileType = sourcecode.swift; path = MainNavigationController.swift; sourceTree = "<group>"; };
		F9A66F7E2149376D00881B54 /* StringExtension.swift */ = {isa = PBXFileReference; lastKnownFileType = sourcecode.swift; path = StringExtension.swift; sourceTree = "<group>"; };
		F9A6D56421344E840021D361 /* KursWalutNBP.app */ = {isa = PBXFileReference; explicitFileType = wrapper.application; includeInIndex = 0; path = KursWalutNBP.app; sourceTree = BUILT_PRODUCTS_DIR; };
		F9A6D56721344E840021D361 /* AppDelegate.swift */ = {isa = PBXFileReference; lastKnownFileType = sourcecode.swift; path = AppDelegate.swift; sourceTree = "<group>"; };
		F9A6D56E21344E860021D361 /* Assets.xcassets */ = {isa = PBXFileReference; lastKnownFileType = folder.assetcatalog; path = Assets.xcassets; sourceTree = "<group>"; };
		F9A6D57121344E860021D361 /* Base */ = {isa = PBXFileReference; lastKnownFileType = file.storyboard; name = Base; path = Base.lproj/LaunchScreen.storyboard; sourceTree = "<group>"; };
		F9A6D57321344E860021D361 /* Info.plist */ = {isa = PBXFileReference; lastKnownFileType = text.plist.xml; path = Info.plist; sourceTree = "<group>"; };
		F9A6D5792134509C0021D361 /* MainTabBarViewController.swift */ = {isa = PBXFileReference; lastKnownFileType = sourcecode.swift; path = MainTabBarViewController.swift; sourceTree = "<group>"; };
		F9A6D57D213455E70021D361 /* GoldViewController.swift */ = {isa = PBXFileReference; lastKnownFileType = sourcecode.swift; path = GoldViewController.swift; sourceTree = "<group>"; };
		F9A6D58321352DDA0021D361 /* GoldRate.swift */ = {isa = PBXFileReference; lastKnownFileType = sourcecode.swift; path = GoldRate.swift; sourceTree = "<group>"; };
		F9A6D58521352DF10021D361 /* Currencies.swift */ = {isa = PBXFileReference; lastKnownFileType = sourcecode.swift; path = Currencies.swift; sourceTree = "<group>"; };
		F9A6D58721352EF60021D361 /* Rate.swift */ = {isa = PBXFileReference; lastKnownFileType = sourcecode.swift; path = Rate.swift; sourceTree = "<group>"; };
		F9D06321213E9AE900C832E8 /* DoubleExtension.swift */ = {isa = PBXFileReference; lastKnownFileType = sourcecode.swift; path = DoubleExtension.swift; sourceTree = "<group>"; };
/* End PBXFileReference section */

/* Begin PBXFrameworksBuildPhase section */
		F9A6D56121344E840021D361 /* Frameworks */ = {
			isa = PBXFrameworksBuildPhase;
			buildActionMask = 2147483647;
			files = (
				EB4230A9CEB074BCC826018F /* Pods_KursWalutNBP.framework in Frameworks */,
			);
			runOnlyForDeploymentPostprocessing = 0;
		};
/* End PBXFrameworksBuildPhase section */

/* Begin PBXGroup section */
		2266BCFAEC8CC142019A3AB4 /* Pods */ = {
			isa = PBXGroup;
			children = (
				F7B521B6927C2C16DF57260B /* Pods-KursWalutNBP.debug.xcconfig */,
				1A8711CD40C86EE0208AE2E3 /* Pods-KursWalutNBP.release.xcconfig */,
			);
			name = Pods;
			sourceTree = "<group>";
		};
		DC52C5C03BEA12055151C8EF /* Frameworks */ = {
			isa = PBXGroup;
			children = (
				AEDD385142520512344BB2DB /* Pods_KursWalutNBP.framework */,
			);
			name = Frameworks;
			sourceTree = "<group>";
		};
		F9A66F4A213F033700881B54 /* Services */ = {
			isa = PBXGroup;
			children = (
				F9A66F4B213F037A00881B54 /* Service.swift */,
				F9A66F562141998900881B54 /* HttpErrorEnum.swift */,
				F9A66F6C2144140800881B54 /* APIProvider.swift */,
			);
			path = Services;
			sourceTree = "<group>";
		};
		F9A66F4D213F05B300881B54 /* Main */ = {
			isa = PBXGroup;
			children = (
				F9A6D56721344E840021D361 /* AppDelegate.swift */,
				F9A6D5792134509C0021D361 /* MainTabBarViewController.swift */,
				F9A66F7C2149057700881B54 /* MainNavigationController.swift */,
			);
			path = Main;
			sourceTree = "<group>";
		};
		F9A66F4E213F05E400881B54 /* Currencies */ = {
			isa = PBXGroup;
			children = (
				F9A66F4F213F064600881B54 /* Model */,
				F9A66F50213F067400881B54 /* View */,
				F9A66F51213F067B00881B54 /* Controller */,
			);
			path = Currencies;
			sourceTree = "<group>";
		};
		F9A66F4F213F064600881B54 /* Model */ = {
			isa = PBXGroup;
			children = (
				F9A6D58521352DF10021D361 /* Currencies.swift */,
				F9A6D58721352EF60021D361 /* Rate.swift */,
			);
			path = Model;
			sourceTree = "<group>";
		};
		F9A66F50213F067400881B54 /* View */ = {
			isa = PBXGroup;
			children = (
				F99C9DEA213BD2840027CF87 /* CurrencyTableViewCell.swift */,
				F9A66F732145150900881B54 /* InfoLabelsView.swift */,
			);
			path = View;
			sourceTree = "<group>";
		};
		F9A66F51213F067B00881B54 /* Controller */ = {
			isa = PBXGroup;
			children = (
				F9A66F6E214417B800881B54 /* CurrenciesViewController.swift */,
			);
			path = Controller;
			sourceTree = "<group>";
		};
		F9A66F52213F069900881B54 /* Gold */ = {
			isa = PBXGroup;
			children = (
				F9A66F55213F06A900881B54 /* Controller */,
				F9A66F54213F06A500881B54 /* View */,
				F9A66F53213F069F00881B54 /* Model */,
			);
			path = Gold;
			sourceTree = "<group>";
		};
		F9A66F53213F069F00881B54 /* Model */ = {
			isa = PBXGroup;
			children = (
				F9A6D58321352DDA0021D361 /* GoldRate.swift */,
			);
			path = Model;
			sourceTree = "<group>";
		};
		F9A66F54213F06A500881B54 /* View */ = {
			isa = PBXGroup;
			children = (
				F99C9DED213BD40A0027CF87 /* GoldView.swift */,
			);
			path = View;
			sourceTree = "<group>";
		};
		F9A66F55213F06A900881B54 /* Controller */ = {
			isa = PBXGroup;
			children = (
				F9A6D57D213455E70021D361 /* GoldViewController.swift */,
			);
			path = Controller;
			sourceTree = "<group>";
		};
		F9A66F772146CF8700881B54 /* Base */ = {
			isa = PBXGroup;
			children = (
				F9A66F782146CFA100881B54 /* BaseView.swift */,
			);
			path = Base;
			sourceTree = "<group>";
		};
		F9A6D55B21344E840021D361 = {
			isa = PBXGroup;
			children = (
				F9A6D56621344E840021D361 /* KursWalutNBP */,
				F9A6D56521344E840021D361 /* Products */,
				2266BCFAEC8CC142019A3AB4 /* Pods */,
				DC52C5C03BEA12055151C8EF /* Frameworks */,
			);
			sourceTree = "<group>";
		};
		F9A6D56521344E840021D361 /* Products */ = {
			isa = PBXGroup;
			children = (
				F9A6D56421344E840021D361 /* KursWalutNBP.app */,
			);
			name = Products;
			sourceTree = "<group>";
		};
		F9A6D56621344E840021D361 /* KursWalutNBP */ = {
			isa = PBXGroup;
			children = (
				F9A66F4D213F05B300881B54 /* Main */,
				F9A66F772146CF8700881B54 /* Base */,
				F9A66F52213F069900881B54 /* Gold */,
				F9A66F4E213F05E400881B54 /* Currencies */,
				F9A66F4A213F033700881B54 /* Services */,
				F9A6D58D2137F3690021D361 /* Resources */,
				F9D06323213E9D6100C832E8 /* Extensions */,
			);
			path = KursWalutNBP;
			sourceTree = "<group>";
		};
		F9A6D58D2137F3690021D361 /* Resources */ = {
			isa = PBXGroup;
			children = (
				F9A6D57321344E860021D361 /* Info.plist */,
				F99C9DE8213B14FF0027CF87 /* urlStrings.plist */,
				F9A6D56E21344E860021D361 /* Assets.xcassets */,
				F9A6D57021344E860021D361 /* LaunchScreen.storyboard */,
			);
			path = Resources;
			sourceTree = "<group>";
		};
		F9D06323213E9D6100C832E8 /* Extensions */ = {
			isa = PBXGroup;
			children = (
				F9D06321213E9AE900C832E8 /* DoubleExtension.swift */,
				F9A66F712144392000881B54 /* CollectionExtension.swift */,
				F9A66F7E2149376D00881B54 /* StringExtension.swift */,
			);
			path = Extensions;
			sourceTree = "<group>";
		};
/* End PBXGroup section */

/* Begin PBXNativeTarget section */
		F9A6D56321344E840021D361 /* KursWalutNBP */ = {
			isa = PBXNativeTarget;
			buildConfigurationList = F9A6D57621344E860021D361 /* Build configuration list for PBXNativeTarget "KursWalutNBP" */;
			buildPhases = (
				9D58448997D1B186B8F9BB7E /* [CP] Check Pods Manifest.lock */,
				F9A6D56021344E840021D361 /* Sources */,
				F9A6D56121344E840021D361 /* Frameworks */,
				F9A6D56221344E840021D361 /* Resources */,
				B3FCFA756D0203AD81681D86 /* [CP] Embed Pods Frameworks */,
			);
			buildRules = (
			);
			dependencies = (
			);
			name = KursWalutNBP;
			productName = KursWalutNBP;
			productReference = F9A6D56421344E840021D361 /* KursWalutNBP.app */;
			productType = "com.apple.product-type.application";
		};
/* End PBXNativeTarget section */

/* Begin PBXProject section */
		F9A6D55C21344E840021D361 /* Project object */ = {
			isa = PBXProject;
			attributes = {
				LastSwiftUpdateCheck = 0940;
				LastUpgradeCheck = 0940;
				ORGANIZATIONNAME = npisze;
				TargetAttributes = {
					F9A6D56321344E840021D361 = {
						CreatedOnToolsVersion = 9.4.1;
					};
				};
			};
			buildConfigurationList = F9A6D55F21344E840021D361 /* Build configuration list for PBXProject "KursWalutNBP" */;
			compatibilityVersion = "Xcode 9.3";
			developmentRegion = en;
			hasScannedForEncodings = 0;
			knownRegions = (
				en,
				Base,
			);
			mainGroup = F9A6D55B21344E840021D361;
			productRefGroup = F9A6D56521344E840021D361 /* Products */;
			projectDirPath = "";
			projectRoot = "";
			targets = (
				F9A6D56321344E840021D361 /* KursWalutNBP */,
			);
		};
/* End PBXProject section */

/* Begin PBXResourcesBuildPhase section */
		F9A6D56221344E840021D361 /* Resources */ = {
			isa = PBXResourcesBuildPhase;
			buildActionMask = 2147483647;
			files = (
				F99C9DE9213B14FF0027CF87 /* urlStrings.plist in Resources */,
				F9A6D57221344E860021D361 /* LaunchScreen.storyboard in Resources */,
				F9A6D56F21344E860021D361 /* Assets.xcassets in Resources */,
			);
			runOnlyForDeploymentPostprocessing = 0;
		};
/* End PBXResourcesBuildPhase section */

/* Begin PBXShellScriptBuildPhase section */
		9D58448997D1B186B8F9BB7E /* [CP] Check Pods Manifest.lock */ = {
			isa = PBXShellScriptBuildPhase;
			buildActionMask = 2147483647;
			files = (
			);
			inputPaths = (
				"${PODS_PODFILE_DIR_PATH}/Podfile.lock",
				"${PODS_ROOT}/Manifest.lock",
			);
			name = "[CP] Check Pods Manifest.lock";
			outputPaths = (
				"$(DERIVED_FILE_DIR)/Pods-KursWalutNBP-checkManifestLockResult.txt",
			);
			runOnlyForDeploymentPostprocessing = 0;
			shellPath = /bin/sh;
			shellScript = "diff \"${PODS_PODFILE_DIR_PATH}/Podfile.lock\" \"${PODS_ROOT}/Manifest.lock\" > /dev/null\nif [ $? != 0 ] ; then\n    # print error to STDERR\n    echo \"error: The sandbox is not in sync with the Podfile.lock. Run 'pod install' or update your CocoaPods installation.\" >&2\n    exit 1\nfi\n# This output is used by Xcode 'outputs' to avoid re-running this script phase.\necho \"SUCCESS\" > \"${SCRIPT_OUTPUT_FILE_0}\"\n";
			showEnvVarsInLog = 0;
		};
		B3FCFA756D0203AD81681D86 /* [CP] Embed Pods Frameworks */ = {
			isa = PBXShellScriptBuildPhase;
			buildActionMask = 2147483647;
			files = (
			);
			inputPaths = (
				"${SRCROOT}/Pods/Target Support Files/Pods-KursWalutNBP/Pods-KursWalutNBP-frameworks.sh",
				"${BUILT_PRODUCTS_DIR}/SnapKit/SnapKit.framework",
			);
			name = "[CP] Embed Pods Frameworks";
			outputPaths = (
				"${TARGET_BUILD_DIR}/${FRAMEWORKS_FOLDER_PATH}/SnapKit.framework",
			);
			runOnlyForDeploymentPostprocessing = 0;
			shellPath = /bin/sh;
			shellScript = "\"${SRCROOT}/Pods/Target Support Files/Pods-KursWalutNBP/Pods-KursWalutNBP-frameworks.sh\"\n";
			showEnvVarsInLog = 0;
		};
/* End PBXShellScriptBuildPhase section */

/* Begin PBXSourcesBuildPhase section */
		F9A6D56021344E840021D361 /* Sources */ = {
			isa = PBXSourcesBuildPhase;
			buildActionMask = 2147483647;
			files = (
				F9D06322213E9AE900C832E8 /* DoubleExtension.swift in Sources */,
				F9A6D58621352DF10021D361 /* Currencies.swift in Sources */,
				F9A6D57E213455E70021D361 /* GoldViewController.swift in Sources */,
				F9A66F792146CFA100881B54 /* BaseView.swift in Sources */,
				F9A66F6F214417B800881B54 /* CurrenciesViewController.swift in Sources */,
				F9A66F722144392000881B54 /* CollectionExtension.swift in Sources */,
				F9A66F6D2144140800881B54 /* APIProvider.swift in Sources */,
				F9A6D58821352EF60021D361 /* Rate.swift in Sources */,
				F9A66F7D2149057700881B54 /* MainNavigationController.swift in Sources */,
				F99C9DEB213BD2840027CF87 /* CurrencyTableViewCell.swift in Sources */,
				F9A6D57A2134509C0021D361 /* MainTabBarViewController.swift in Sources */,
				F9A6D58421352DDA0021D361 /* GoldRate.swift in Sources */,
				F9A66F4C213F037A00881B54 /* Service.swift in Sources */,
				F9A66F572141998900881B54 /* HttpErrorEnum.swift in Sources */,
				F9A66F7F2149376D00881B54 /* StringExtension.swift in Sources */,
				F99C9DEE213BD40A0027CF87 /* GoldView.swift in Sources */,
				F9A6D56821344E840021D361 /* AppDelegate.swift in Sources */,
				F9A66F742145150900881B54 /* InfoLabelsView.swift in Sources */,
			);
			runOnlyForDeploymentPostprocessing = 0;
		};
/* End PBXSourcesBuildPhase section */

/* Begin PBXVariantGroup section */
		F9A6D57021344E860021D361 /* LaunchScreen.storyboard */ = {
			isa = PBXVariantGroup;
			children = (
				F9A6D57121344E860021D361 /* Base */,
			);
			name = LaunchScreen.storyboard;
			sourceTree = "<group>";
		};
/* End PBXVariantGroup section */

/* Begin XCBuildConfiguration section */
		F9A6D57421344E860021D361 /* Debug */ = {
			isa = XCBuildConfiguration;
			buildSettings = {
				ALWAYS_SEARCH_USER_PATHS = NO;
				CLANG_ANALYZER_NONNULL = YES;
				CLANG_ANALYZER_NUMBER_OBJECT_CONVERSION = YES_AGGRESSIVE;
				CLANG_CXX_LANGUAGE_STANDARD = "gnu++14";
				CLANG_CXX_LIBRARY = "libc++";
				CLANG_ENABLE_MODULES = YES;
				CLANG_ENABLE_OBJC_ARC = YES;
				CLANG_ENABLE_OBJC_WEAK = YES;
				CLANG_WARN_BLOCK_CAPTURE_AUTORELEASING = YES;
				CLANG_WARN_BOOL_CONVERSION = YES;
				CLANG_WARN_COMMA = YES;
				CLANG_WARN_CONSTANT_CONVERSION = YES;
				CLANG_WARN_DEPRECATED_OBJC_IMPLEMENTATIONS = YES;
				CLANG_WARN_DIRECT_OBJC_ISA_USAGE = YES_ERROR;
				CLANG_WARN_DOCUMENTATION_COMMENTS = YES;
				CLANG_WARN_EMPTY_BODY = YES;
				CLANG_WARN_ENUM_CONVERSION = YES;
				CLANG_WARN_INFINITE_RECURSION = YES;
				CLANG_WARN_INT_CONVERSION = YES;
				CLANG_WARN_NON_LITERAL_NULL_CONVERSION = YES;
				CLANG_WARN_OBJC_IMPLICIT_RETAIN_SELF = YES;
				CLANG_WARN_OBJC_LITERAL_CONVERSION = YES;
				CLANG_WARN_OBJC_ROOT_CLASS = YES_ERROR;
				CLANG_WARN_RANGE_LOOP_ANALYSIS = YES;
				CLANG_WARN_STRICT_PROTOTYPES = YES;
				CLANG_WARN_SUSPICIOUS_MOVE = YES;
				CLANG_WARN_UNGUARDED_AVAILABILITY = YES_AGGRESSIVE;
				CLANG_WARN_UNREACHABLE_CODE = YES;
				CLANG_WARN__DUPLICATE_METHOD_MATCH = YES;
				CODE_SIGN_IDENTITY = "iPhone Developer";
				COPY_PHASE_STRIP = NO;
				DEBUG_INFORMATION_FORMAT = dwarf;
				ENABLE_STRICT_OBJC_MSGSEND = YES;
				ENABLE_TESTABILITY = YES;
				GCC_C_LANGUAGE_STANDARD = gnu11;
				GCC_DYNAMIC_NO_PIC = NO;
				GCC_NO_COMMON_BLOCKS = YES;
				GCC_OPTIMIZATION_LEVEL = 0;
				GCC_PREPROCESSOR_DEFINITIONS = (
					"DEBUG=1",
					"$(inherited)",
				);
				GCC_WARN_64_TO_32_BIT_CONVERSION = YES;
				GCC_WARN_ABOUT_RETURN_TYPE = YES_ERROR;
				GCC_WARN_UNDECLARED_SELECTOR = YES;
				GCC_WARN_UNINITIALIZED_AUTOS = YES_AGGRESSIVE;
				GCC_WARN_UNUSED_FUNCTION = YES;
				GCC_WARN_UNUSED_VARIABLE = YES;
				IPHONEOS_DEPLOYMENT_TARGET = 11.4;
				MTL_ENABLE_DEBUG_INFO = YES;
				ONLY_ACTIVE_ARCH = YES;
				SDKROOT = iphoneos;
				SWIFT_ACTIVE_COMPILATION_CONDITIONS = DEBUG;
				SWIFT_OPTIMIZATION_LEVEL = "-Onone";
			};
			name = Debug;
		};
		F9A6D57521344E860021D361 /* Release */ = {
			isa = XCBuildConfiguration;
			buildSettings = {
				ALWAYS_SEARCH_USER_PATHS = NO;
				CLANG_ANALYZER_NONNULL = YES;
				CLANG_ANALYZER_NUMBER_OBJECT_CONVERSION = YES_AGGRESSIVE;
				CLANG_CXX_LANGUAGE_STANDARD = "gnu++14";
				CLANG_CXX_LIBRARY = "libc++";
				CLANG_ENABLE_MODULES = YES;
				CLANG_ENABLE_OBJC_ARC = YES;
				CLANG_ENABLE_OBJC_WEAK = YES;
				CLANG_WARN_BLOCK_CAPTURE_AUTORELEASING = YES;
				CLANG_WARN_BOOL_CONVERSION = YES;
				CLANG_WARN_COMMA = YES;
				CLANG_WARN_CONSTANT_CONVERSION = YES;
				CLANG_WARN_DEPRECATED_OBJC_IMPLEMENTATIONS = YES;
				CLANG_WARN_DIRECT_OBJC_ISA_USAGE = YES_ERROR;
				CLANG_WARN_DOCUMENTATION_COMMENTS = YES;
				CLANG_WARN_EMPTY_BODY = YES;
				CLANG_WARN_ENUM_CONVERSION = YES;
				CLANG_WARN_INFINITE_RECURSION = YES;
				CLANG_WARN_INT_CONVERSION = YES;
				CLANG_WARN_NON_LITERAL_NULL_CONVERSION = YES;
				CLANG_WARN_OBJC_IMPLICIT_RETAIN_SELF = YES;
				CLANG_WARN_OBJC_LITERAL_CONVERSION = YES;
				CLANG_WARN_OBJC_ROOT_CLASS = YES_ERROR;
				CLANG_WARN_RANGE_LOOP_ANALYSIS = YES;
				CLANG_WARN_STRICT_PROTOTYPES = YES;
				CLANG_WARN_SUSPICIOUS_MOVE = YES;
				CLANG_WARN_UNGUARDED_AVAILABILITY = YES_AGGRESSIVE;
				CLANG_WARN_UNREACHABLE_CODE = YES;
				CLANG_WARN__DUPLICATE_METHOD_MATCH = YES;
				CODE_SIGN_IDENTITY = "iPhone Developer";
				COPY_PHASE_STRIP = NO;
				DEBUG_INFORMATION_FORMAT = "dwarf-with-dsym";
				ENABLE_NS_ASSERTIONS = NO;
				ENABLE_STRICT_OBJC_MSGSEND = YES;
				GCC_C_LANGUAGE_STANDARD = gnu11;
				GCC_NO_COMMON_BLOCKS = YES;
				GCC_WARN_64_TO_32_BIT_CONVERSION = YES;
				GCC_WARN_ABOUT_RETURN_TYPE = YES_ERROR;
				GCC_WARN_UNDECLARED_SELECTOR = YES;
				GCC_WARN_UNINITIALIZED_AUTOS = YES_AGGRESSIVE;
				GCC_WARN_UNUSED_FUNCTION = YES;
				GCC_WARN_UNUSED_VARIABLE = YES;
				IPHONEOS_DEPLOYMENT_TARGET = 11.4;
				MTL_ENABLE_DEBUG_INFO = NO;
				SDKROOT = iphoneos;
				SWIFT_COMPILATION_MODE = wholemodule;
				SWIFT_OPTIMIZATION_LEVEL = "-O";
				VALIDATE_PRODUCT = YES;
			};
			name = Release;
		};
		F9A6D57721344E860021D361 /* Debug */ = {
			isa = XCBuildConfiguration;
			baseConfigurationReference = F7B521B6927C2C16DF57260B /* Pods-KursWalutNBP.debug.xcconfig */;
			buildSettings = {
				ASSETCATALOG_COMPILER_APPICON_NAME = AppIcon;
				CODE_SIGN_STYLE = Automatic;
				DEVELOPMENT_TEAM = T2BNX4295Q;
				INFOPLIST_FILE = "$(SRCROOT)/KursWalutNBP/Resources/Info.plist";
				LD_RUNPATH_SEARCH_PATHS = (
					"$(inherited)",
					"@executable_path/Frameworks",
				);
				PRODUCT_BUNDLE_IDENTIFIER = npisze.KursWalutNBP;
				PRODUCT_NAME = "$(TARGET_NAME)";
				SWIFT_VERSION = 4.0;
				TARGETED_DEVICE_FAMILY = "1,2";
			};
			name = Debug;
		};
		F9A6D57821344E860021D361 /* Release */ = {
			isa = XCBuildConfiguration;
			baseConfigurationReference = 1A8711CD40C86EE0208AE2E3 /* Pods-KursWalutNBP.release.xcconfig */;
			buildSettings = {
				ASSETCATALOG_COMPILER_APPICON_NAME = AppIcon;
				CODE_SIGN_STYLE = Automatic;
				DEVELOPMENT_TEAM = T2BNX4295Q;
				INFOPLIST_FILE = "$(SRCROOT)/KursWalutNBP/Resources/Info.plist";
				LD_RUNPATH_SEARCH_PATHS = (
					"$(inherited)",
					"@executable_path/Frameworks",
				);
				PRODUCT_BUNDLE_IDENTIFIER = npisze.KursWalutNBP;
				PRODUCT_NAME = "$(TARGET_NAME)";
				SWIFT_VERSION = 4.0;
				TARGETED_DEVICE_FAMILY = "1,2";
			};
			name = Release;
		};
/* End XCBuildConfiguration section */

/* Begin XCConfigurationList section */
		F9A6D55F21344E840021D361 /* Build configuration list for PBXProject "KursWalutNBP" */ = {
			isa = XCConfigurationList;
			buildConfigurations = (
				F9A6D57421344E860021D361 /* Debug */,
				F9A6D57521344E860021D361 /* Release */,
			);
			defaultConfigurationIsVisible = 0;
			defaultConfigurationName = Release;
		};
		F9A6D57621344E860021D361 /* Build configuration list for PBXNativeTarget "KursWalutNBP" */ = {
			isa = XCConfigurationList;
			buildConfigurations = (
				F9A6D57721344E860021D361 /* Debug */,
				F9A6D57821344E860021D361 /* Release */,
			);
			defaultConfigurationIsVisible = 0;
			defaultConfigurationName = Release;
		};
/* End XCConfigurationList section */
	};
	rootObject = F9A6D55C21344E840021D361 /* Project object */;
}
